
Microsoft Visual Studio Solution File, Format Version 12.00
# Visual Studio 15
VisualStudioVersion = 15.0.28307.572
MinimumVisualStudioVersion = 10.0.40219.1
Project("{FAE04EC0-301F-11D3-BF4B-00C04F79EFBC}") = "HashTableRansomNote", "HashTableRansomNote\HashTableRansomNote.csproj", "{71069DE3-7C92-46C0-B106-F18FBA362E6F}"
EndProject
Project("{FAE04EC0-301F-11D3-BF4B-00C04F79EFBC}") = "TwoStrings", "TwoStrings\TwoStrings.csproj", "{115E4FE6-C5EB-433E-8E5A-312F30DE8F30}"
EndProject
Project("{FAE04EC0-301F-11D3-BF4B-00C04F79EFBC}") = "Sherlock", "Sherlock\Sherlock.csproj", "{6E28C2DD-674F-4B30-ABA0-EA3C8DDA05E2}"
EndProject
Project("{FAE04EC0-301F-11D3-BF4B-00C04F79EFBC}") = "CountTriplets", "CountTriplets\CountTriplets.csproj", "{9697C1EA-F970-426A-A27B-5F1456020D5B}"
EndProject
Project("{FAE04EC0-301F-11D3-BF4B-00C04F79EFBC}") = "FrequencyQueries", "FrequencyQueries\FrequencyQueries.csproj", "{B01F1B78-5975-44B6-B6F7-6FE2D1EE1521}"
EndProject
Global
	GlobalSection(SolutionConfigurationPlatforms) = preSolution
		Debug|Any CPU = Debug|Any CPU
		Release|Any CPU = Release|Any CPU
	EndGlobalSection
	GlobalSection(ProjectConfigurationPlatforms) = postSolution
		{71069DE3-7C92-46C0-B106-F18FBA362E6F}.Debug|Any CPU.ActiveCfg = Debug|Any CPU
		{71069DE3-7C92-46C0-B106-F18FBA362E6F}.Debug|Any CPU.Build.0 = Debug|Any CPU
		{71069DE3-7C92-46C0-B106-F18FBA362E6F}.Release|Any CPU.ActiveCfg = Release|Any CPU
		{71069DE3-7C92-46C0-B106-F18FBA362E6F}.Release|Any CPU.Build.0 = Release|Any CPU
		{115E4FE6-C5EB-433E-8E5A-312F30DE8F30}.Debug|Any CPU.ActiveCfg = Debug|Any CPU
		{115E4FE6-C5EB-433E-8E5A-312F30DE8F30}.Debug|Any CPU.Build.0 = Debug|Any CPU
		{115E4FE6-C5EB-433E-8E5A-312F30DE8F30}.Release|Any CPU.ActiveCfg = Release|Any CPU
		{115E4FE6-C5EB-433E-8E5A-312F30DE8F30}.Release|Any CPU.Build.0 = Release|Any CPU
		{6E28C2DD-674F-4B30-ABA0-EA3C8DDA05E2}.Debug|Any CPU.ActiveCfg = Debug|Any CPU
		{6E28C2DD-674F-4B30-ABA0-EA3C8DDA05E2}.Debug|Any CPU.Build.0 = Debug|Any CPU
		{6E28C2DD-674F-4B30-ABA0-EA3C8DDA05E2}.Release|Any CPU.ActiveCfg = Release|Any CPU
		{6E28C2DD-674F-4B30-ABA0-EA3C8DDA05E2}.Release|Any CPU.Build.0 = Release|Any CPU
		{9697C1EA-F970-426A-A27B-5F1456020D5B}.Debug|Any CPU.ActiveCfg = Debug|Any CPU
		{9697C1EA-F970-426A-A27B-5F1456020D5B}.Debug|Any CPU.Build.0 = Debug|Any CPU
		{9697C1EA-F970-426A-A27B-5F1456020D5B}.Release|Any CPU.ActiveCfg = Release|Any CPU
		{9697C1EA-F970-426A-A27B-5F1456020D5B}.Release|Any CPU.Build.0 = Release|Any CPU
		{B01F1B78-5975-44B6-B6F7-6FE2D1EE1521}.Debug|Any CPU.ActiveCfg = Debug|Any CPU
		{B01F1B78-5975-44B6-B6F7-6FE2D1EE1521}.Debug|Any CPU.Build.0 = Debug|Any CPU
		{B01F1B78-5975-44B6-B6F7-6FE2D1EE1521}.Release|Any CPU.ActiveCfg = Release|Any CPU
		{B01F1B78-5975-44B6-B6F7-6FE2D1EE1521}.Release|Any CPU.Build.0 = Release|Any CPU
	EndGlobalSection
	GlobalSection(SolutionProperties) = preSolution
		HideSolutionNode = FALSE
	EndGlobalSection
	GlobalSection(ExtensibilityGlobals) = postSolution
		SolutionGuid = {83A9372E-C865-4CCC-8F0B-EFC6BE1D0ED1}
	EndGlobalSection
EndGlobal
